# This file is automatically @generated by Cargo.
# It is not intended for manual editing.
version = 4

[[package]]
name = "boxmut"
version = "1.0.0"
source = "registry+https://github.com/rust-lang/crates.io-index"
checksum = "129e87da4baafa24b89b41c2646fea34a1e7f4f979bba86f0922bdc8f51c3bb2"

[[package]]
name = "sunflowerecs"
version = "2.1.0"
dependencies = [
 "boxmut",
]
